
Microsoft Visual Studio Solution File, Format Version 12.00
# Visual Studio 2012
Project("{FAE04EC0-301F-11D3-BF4B-00C04F79EFBC}") = "KG_1_852", "KG_1_852\KG_1_852.csproj", "{D1EF378C-3874-44F9-9173-DD5B1ECB30DA}"
EndProject
Global
	GlobalSection(SolutionConfigurationPlatforms) = preSolution
		Debug|Any CPU = Debug|Any CPU
		Release|Any CPU = Release|Any CPU
	EndGlobalSection
	GlobalSection(ProjectConfigurationPlatforms) = postSolution
		{D1EF378C-3874-44F9-9173-DD5B1ECB30DA}.Debug|Any CPU.ActiveCfg = Debug|Any CPU
		{D1EF378C-3874-44F9-9173-DD5B1ECB30DA}.Debug|Any CPU.Build.0 = Debug|Any CPU
		{D1EF378C-3874-44F9-9173-DD5B1ECB30DA}.Release|Any CPU.ActiveCfg = Release|Any CPU
		{D1EF378C-3874-44F9-9173-DD5B1ECB30DA}.Release|Any CPU.Build.0 = Release|Any CPU
	EndGlobalSection
	GlobalSection(SolutionProperties) = preSolution
		HideSolutionNode = FALSE
	EndGlobalSection
EndGlobal
